// !$*UTF8*$!
{
	archiveVersion = 1;
	classes = {
	};
	objectVersion = 46;
	objects = {

/* Begin PBXBuildFile section */
		0E700FEA19E7A67400E6CA77 /* AppDelegate.swift in Sources */ = {isa = PBXBuildFile; fileRef = 0E700FE919E7A67400E6CA77 /* AppDelegate.swift */; };
		0E700FEC19E7A67400E6CA77 /* ViewController.swift in Sources */ = {isa = PBXBuildFile; fileRef = 0E700FEB19E7A67400E6CA77 /* ViewController.swift */; };
		0E700FEF19E7A67400E6CA77 /* Main.storyboard in Resources */ = {isa = PBXBuildFile; fileRef = 0E700FED19E7A67400E6CA77 /* Main.storyboard */; };
		0E700FF119E7A67400E6CA77 /* Images.xcassets in Resources */ = {isa = PBXBuildFile; fileRef = 0E700FF019E7A67400E6CA77 /* Images.xcassets */; };
		0E700FF419E7A67400E6CA77 /* LaunchScreen.xib in Resources */ = {isa = PBXBuildFile; fileRef = 0E700FF219E7A67400E6CA77 /* LaunchScreen.xib */; };
		0E70100019E7A67400E6CA77 /* sampleCoreMotionTests.swift in Sources */ = {isa = PBXBuildFile; fileRef = 0E700FFF19E7A67400E6CA77 /* sampleCoreMotionTests.swift */; };
		0E70100A19E7A80F00E6CA77 /* CoreMotion.framework in Frameworks */ = {isa = PBXBuildFile; fileRef = 0E70100919E7A80E00E6CA77 /* CoreMotion.framework */; };
/* End PBXBuildFile section */

/* Begin PBXContainerItemProxy section */
		0E700FFA19E7A67400E6CA77 /* PBXContainerItemProxy */ = {
			isa = PBXContainerItemProxy;
			containerPortal = 0E700FDC19E7A67400E6CA77 /* Project object */;
			proxyType = 1;
			remoteGlobalIDString = 0E700FE319E7A67400E6CA77;
			remoteInfo = sampleCoreMotion;
		};
/* End PBXContainerItemProxy section */

/* Begin PBXFileReference section */
		0E700FE419E7A67400E6CA77 /* sampleCoreMotion.app */ = {isa = PBXFileReference; explicitFileType = wrapper.application; includeInIndex = 0; path = sampleCoreMotion.app; sourceTree = BUILT_PRODUCTS_DIR; };
		0E700FE819E7A67400E6CA77 /* Info.plist */ = {isa = PBXFileReference; lastKnownFileType = text.plist.xml; path = Info.plist; sourceTree = "<group>"; };
		0E700FE919E7A67400E6CA77 /* AppDelegate.swift */ = {isa = PBXFileReference; lastKnownFileType = sourcecode.swift; path = AppDelegate.swift; sourceTree = "<group>"; };
		0E700FEB19E7A67400E6CA77 /* ViewController.swift */ = {isa = PBXFileReference; lastKnownFileType = sourcecode.swift; path = ViewController.swift; sourceTree = "<group>"; };
		0E700FEE19E7A67400E6CA77 /* Base */ = {isa = PBXFileReference; lastKnownFileType = file.storyboard; name = Base; path = Base.lproj/Main.storyboard; sourceTree = "<group>"; };
		0E700FF019E7A67400E6CA77 /* Images.xcassets */ = {isa = PBXFileReference; lastKnownFileType = folder.assetcatalog; path = Images.xcassets; sourceTree = "<group>"; };
		0E700FF319E7A67400E6CA77 /* Base */ = {isa = PBXFileReference; lastKnownFileType = file.xib; name = Base; path = Base.lproj/LaunchScreen.xib; sourceTree = "<group>"; };
		0E700FF919E7A67400E6CA77 /* sampleCoreMotionTests.xctest */ = {isa = PBXFileReference; explicitFileType = wrapper.cfbundle; includeInIndex = 0; path = sampleCoreMotionTests.xctest; sourceTree = BUILT_PRODUCTS_DIR; };
		0E700FFE19E7A67400E6CA77 /* Info.plist */ = {isa = PBXFileReference; lastKnownFileType = text.plist.xml; path = Info.plist; sourceTree = "<group>"; };
		0E700FFF19E7A67400E6CA77 /* sampleCoreMotionTests.swift */ = {isa = PBXFileReference; lastKnownFileType = sourcecode.swift; path = sampleCoreMotionTests.swift; sourceTree = "<group>"; };
		0E70100919E7A80E00E6CA77 /* CoreMotion.framework */ = {isa = PBXFileReference; lastKnownFileType = wrapper.framework; name = CoreMotion.framework; path = System/Library/Frameworks/CoreMotion.framework; sourceTree = SDKROOT; };
/* End PBXFileReference section */

/* Begin PBXFrameworksBuildPhase section */
		0E700FE119E7A67400E6CA77 /* Frameworks */ = {
			isa = PBXFrameworksBuildPhase;
			buildActionMask = 2147483647;
			files = (
				0E70100A19E7A80F00E6CA77 /* CoreMotion.framework in Frameworks */,
			);
			runOnlyForDeploymentPostprocessing = 0;
		};
		0E700FF619E7A67400E6CA77 /* Frameworks */ = {
			isa = PBXFrameworksBuildPhase;
			buildActionMask = 2147483647;
			files = (
			);
			runOnlyForDeploymentPostprocessing = 0;
		};
/* End PBXFrameworksBuildPhase section */

/* Begin PBXGroup section */
		0E700FDB19E7A67400E6CA77 = {
			isa = PBXGroup;
			children = (
				0E70100919E7A80E00E6CA77 /* CoreMotion.framework */,
				0E700FE619E7A67400E6CA77 /* sampleCoreMotion */,
				0E700FFC19E7A67400E6CA77 /* sampleCoreMotionTests */,
				0E700FE519E7A67400E6CA77 /* Products */,
			);
			sourceTree = "<group>";
		};
		0E700FE519E7A67400E6CA77 /* Products */ = {
			isa = PBXGroup;
			children = (
				0E700FE419E7A67400E6CA77 /* sampleCoreMotion.app */,
				0E700FF919E7A67400E6CA77 /* sampleCoreMotionTests.xctest */,
			);
			name = Products;
			sourceTree = "<group>";
		};
		0E700FE619E7A67400E6CA77 /* sampleCoreMotion */ = {
			isa = PBXGroup;
			children = (
				0E700FE919E7A67400E6CA77 /* AppDelegate.swift */,
				0E700FEB19E7A67400E6CA77 /* ViewController.swift */,
				0E700FED19E7A67400E6CA77 /* Main.storyboard */,
				0E700FF019E7A67400E6CA77 /* Images.xcassets */,
				0E700FF219E7A67400E6CA77 /* LaunchScreen.xib */,
				0E700FE719E7A67400E6CA77 /* Supporting Files */,
			);
			path = sampleCoreMotion;
			sourceTree = "<group>";
		};
		0E700FE719E7A67400E6CA77 /* Supporting Files */ = {
			isa = PBXGroup;
			children = (
				0E700FE819E7A67400E6CA77 /* Info.plist */,
			);
			name = "Supporting Files";
			sourceTree = "<group>";
		};
		0E700FFC19E7A67400E6CA77 /* sampleCoreMotionTests */ = {
			isa = PBXGroup;
			children = (
				0E700FFF19E7A67400E6CA77 /* sampleCoreMotionTests.swift */,
				0E700FFD19E7A67400E6CA77 /* Supporting Files */,
			);
			path = sampleCoreMotionTests;
			sourceTree = "<group>";
		};
		0E700FFD19E7A67400E6CA77 /* Supporting Files */ = {
			isa = PBXGroup;
			children = (
				0E700FFE19E7A67400E6CA77 /* Info.plist */,
			);
			name = "Supporting Files";
			sourceTree = "<group>";
		};
/* End PBXGroup section */

/* Begin PBXNativeTarget section */
		0E700FE319E7A67400E6CA77 /* sampleCoreMotion */ = {
			isa = PBXNativeTarget;
			buildConfigurationList = 0E70100319E7A67400E6CA77 /* Build configuration list for PBXNativeTarget "sampleCoreMotion" */;
			buildPhases = (
				0E700FE019E7A67400E6CA77 /* Sources */,
				0E700FE119E7A67400E6CA77 /* Frameworks */,
				0E700FE219E7A67400E6CA77 /* Resources */,
			);
			buildRules = (
			);
			dependencies = (
			);
			name = sampleCoreMotion;
			productName = sampleCoreMotion;
			productReference = 0E700FE419E7A67400E6CA77 /* sampleCoreMotion.app */;
			productType = "com.apple.product-type.application";
		};
		0E700FF819E7A67400E6CA77 /* sampleCoreMotionTests */ = {
			isa = PBXNativeTarget;
			buildConfigurationList = 0E70100619E7A67400E6CA77 /* Build configuration list for PBXNativeTarget "sampleCoreMotionTests" */;
			buildPhases = (
				0E700FF519E7A67400E6CA77 /* Sources */,
				0E700FF619E7A67400E6CA77 /* Frameworks */,
				0E700FF719E7A67400E6CA77 /* Resources */,
			);
			buildRules = (
			);
			dependencies = (
				0E700FFB19E7A67400E6CA77 /* PBXTargetDependency */,
			);
			name = sampleCoreMotionTests;
			productName = sampleCoreMotionTests;
			productReference = 0E700FF919E7A67400E6CA77 /* sampleCoreMotionTests.xctest */;
			productType = "com.apple.product-type.bundle.unit-test";
		};
/* End PBXNativeTarget section */

/* Begin PBXProject section */
		0E700FDC19E7A67400E6CA77 /* Project object */ = {
			isa = PBXProject;
			attributes = {
				LastUpgradeCheck = 0610;
				ORGANIZATIONNAME = "DSK Inc.";
				TargetAttributes = {
					0E700FE319E7A67400E6CA77 = {
						CreatedOnToolsVersion = 6.1;
					};
					0E700FF819E7A67400E6CA77 = {
						CreatedOnToolsVersion = 6.1;
						TestTargetID = 0E700FE319E7A67400E6CA77;
					};
				};
			};
			buildConfigurationList = 0E700FDF19E7A67400E6CA77 /* Build configuration list for PBXProject "sampleCoreMotion" */;
			compatibilityVersion = "Xcode 3.2";
			developmentRegion = English;
			hasScannedForEncodings = 0;
			knownRegions = (
				en,
				Base,
			);
			mainGroup = 0E700FDB19E7A67400E6CA77;
			productRefGroup = 0E700FE519E7A67400E6CA77 /* Products */;
			projectDirPath = "";
			projectRoot = "";
			targets = (
				0E700FE319E7A67400E6CA77 /* sampleCoreMotion */,
				0E700FF819E7A67400E6CA77 /* sampleCoreMotionTests */,
			);
		};
/* End PBXProject section */

/* Begin PBXResourcesBuildPhase section */
		0E700FE219E7A67400E6CA77 /* Resources */ = {
			isa = PBXResourcesBuildPhase;
			buildActionMask = 2147483647;
			files = (
				0E700FEF19E7A67400E6CA77 /* Main.storyboard in Resources */,
				0E700FF419E7A67400E6CA77 /* LaunchScreen.xib in Resources */,
				0E700FF119E7A67400E6CA77 /* Images.xcassets in Resources */,
			);
			runOnlyForDeploymentPostprocessing = 0;
		};
		0E700FF719E7A67400E6CA77 /* Resources */ = {
			isa = PBXResourcesBuildPhase;
			buildActionMask = 2147483647;
			files = (
			);
			runOnlyForDeploymentPostprocessing = 0;
		};
/* End PBXResourcesBuildPhase section */

/* Begin PBXSourcesBuildPhase section */
		0E700FE019E7A67400E6CA77 /* Sources */ = {
			isa = PBXSourcesBuildPhase;
			buildActionMask = 2147483647;
			files = (
				0E700FEC19E7A67400E6CA77 /* ViewController.swift in Sources */,
				0E700FEA19E7A67400E6CA77 /* AppDelegate.swift in Sources */,
			);
			runOnlyForDeploymentPostprocessing = 0;
		};
		0E700FF519E7A67400E6CA77 /* Sources */ = {
			isa = PBXSourcesBuildPhase;
			buildActionMask = 2147483647;
			files = (
				0E70100019E7A67400E6CA77 /* sampleCoreMotionTests.swift in Sources */,
			);
			runOnlyForDeploymentPostprocessing = 0;
		};
/* End PBXSourcesBuildPhase section */

/* Begin PBXTargetDependency section */
		0E700FFB19E7A67400E6CA77 /* PBXTargetDependency */ = {
			isa = PBXTargetDependency;
			target = 0E700FE319E7A67400E6CA77 /* sampleCoreMotion */;
			targetProxy = 0E700FFA19E7A67400E6CA77 /* PBXContainerItemProxy */;
		};
/* End PBXTargetDependency section */

/* Begin PBXVariantGroup section */
		0E700FED19E7A67400E6CA77 /* Main.storyboard */ = {
			isa = PBXVariantGroup;
			children = (
				0E700FEE19E7A67400E6CA77 /* Base */,
			);
			name = Main.storyboard;
			sourceTree = "<group>";
		};
		0E700FF219E7A67400E6CA77 /* LaunchScreen.xib */ = {
			isa = PBXVariantGroup;
			children = (
				0E700FF319E7A67400E6CA77 /* Base */,
			);
			name = LaunchScreen.xib;
			sourceTree = "<group>";
		};
/* End PBXVariantGroup section */

/* Begin XCBuildConfiguration section */
		0E70100119E7A67400E6CA77 /* Debug */ = {
			isa = XCBuildConfiguration;
			buildSettings = {
				ALWAYS_SEARCH_USER_PATHS = NO;
				CLANG_CXX_LANGUAGE_STANDARD = "gnu++0x";
				CLANG_CXX_LIBRARY = "libc++";
				CLANG_ENABLE_MODULES = YES;
				CLANG_ENABLE_OBJC_ARC = YES;
				CLANG_WARN_BOOL_CONVERSION = YES;
				CLANG_WARN_CONSTANT_CONVERSION = YES;
				CLANG_WARN_DIRECT_OBJC_ISA_USAGE = YES_ERROR;
				CLANG_WARN_EMPTY_BODY = YES;
				CLANG_WARN_ENUM_CONVERSION = YES;
				CLANG_WARN_INT_CONVERSION = YES;
				CLANG_WARN_OBJC_ROOT_CLASS = YES_ERROR;
				CLANG_WARN_UNREACHABLE_CODE = YES;
				CLANG_WARN__DUPLICATE_METHOD_MATCH = YES;
				"CODE_SIGN_IDENTITY[sdk=iphoneos*]" = "iPhone Developer";
				COPY_PHASE_STRIP = NO;
				ENABLE_STRICT_OBJC_MSGSEND = YES;
				GCC_C_LANGUAGE_STANDARD = gnu99;
				GCC_DYNAMIC_NO_PIC = NO;
				GCC_OPTIMIZATION_LEVEL = 0;
				GCC_PREPROCESSOR_DEFINITIONS = (
					"DEBUG=1",
					"$(inherited)",
				);
				GCC_SYMBOLS_PRIVATE_EXTERN = NO;
				GCC_WARN_64_TO_32_BIT_CONVERSION = YES;
				GCC_WARN_ABOUT_RETURN_TYPE = YES_ERROR;
				GCC_WARN_UNDECLARED_SELECTOR = YES;
				GCC_WARN_UNINITIALIZED_AUTOS = YES_AGGRESSIVE;
				GCC_WARN_UNUSED_FUNCTION = YES;
				GCC_WARN_UNUSED_VARIABLE = YES;
				IPHONEOS_DEPLOYMENT_TARGET = 8.1;
				MTL_ENABLE_DEBUG_INFO = YES;
				ONLY_ACTIVE_ARCH = YES;
				SDKROOT = iphoneos;
				SWIFT_OPTIMIZATION_LEVEL = "-Onone";
			};
			name = Debug;
		};
		0E70100219E7A67400E6CA77 /* Release */ = {
			isa = XCBuildConfiguration;
			buildSettings = {
				ALWAYS_SEARCH_USER_PATHS = NO;
				CLANG_CXX_LANGUAGE_STANDARD = "gnu++0x";
				CLANG_CXX_LIBRARY = "libc++";
				CLANG_ENABLE_MODULES = YES;
				CLANG_ENABLE_OBJC_ARC = YES;
				CLANG_WARN_BOOL_CONVERSION = YES;
				CLANG_WARN_CONSTANT_CONVERSION = YES;
				CLANG_WARN_DIRECT_OBJC_ISA_USAGE = YES_ERROR;
				CLANG_WARN_EMPTY_BODY = YES;
				CLANG_WARN_ENUM_CONVERSION = YES;
				CLANG_WARN_INT_CONVERSION = YES;
				CLANG_WARN_OBJC_ROOT_CLASS = YES_ERROR;
				CLANG_WARN_UNREACHABLE_CODE = YES;
				CLANG_WARN__DUPLICATE_METHOD_MATCH = YES;
				"CODE_SIGN_IDENTITY[sdk=iphoneos*]" = "iPhone Developer";
				COPY_PHASE_STRIP = YES;
				ENABLE_NS_ASSERTIONS = NO;
				ENABLE_STRICT_OBJC_MSGSEND = YES;
				GCC_C_LANGUAGE_STANDARD = gnu99;
				GCC_WARN_64_TO_32_BIT_CONVERSION = YES;
				GCC_WARN_ABOUT_RETURN_TYPE = YES_ERROR;
				GCC_WARN_UNDECLARED_SELECTOR = YES;
				GCC_WARN_UNINITIALIZED_AUTOS = YES_AGGRESSIVE;
				GCC_WARN_UNUSED_FUNCTION = YES;
				GCC_WARN_UNUSED_VARIABLE = YES;
				IPHONEOS_DEPLOYMENT_TARGET = 8.1;
				MTL_ENABLE_DEBUG_INFO = NO;
				SDKROOT = iphoneos;
				VALIDATE_PRODUCT = YES;
			};
			name = Release;
		};
		0E70100419E7A67400E6CA77 /* Debug */ = {
			isa = XCBuildConfiguration;
			buildSettings = {
				ASSETCATALOG_COMPILER_APPICON_NAME = AppIcon;
				INFOPLIST_FILE = sampleCoreMotion/Info.plist;
				LD_RUNPATH_SEARCH_PATHS = "$(inherited) @executable_path/Frameworks";
				PRODUCT_NAME = "$(TARGET_NAME)";
			};
			name = Debug;
		};
		0E70100519E7A67400E6CA77 /* Release */ = {
			isa = XCBuildConfiguration;
			buildSettings = {
				ASSETCATALOG_COMPILER_APPICON_NAME = AppIcon;
				INFOPLIST_FILE = sampleCoreMotion/Info.plist;
				LD_RUNPATH_SEARCH_PATHS = "$(inherited) @executable_path/Frameworks";
				PRODUCT_NAME = "$(TARGET_NAME)";
			};
			name = Release;
		};
		0E70100719E7A67400E6CA77 /* Debug */ = {
			isa = XCBuildConfiguration;
			buildSettings = {
				BUNDLE_LOADER = "$(TEST_HOST)";
				FRAMEWORK_SEARCH_PATHS = (
					"$(SDKROOT)/Developer/Library/Frameworks",
					"$(inherited)",
				);
				GCC_PREPROCESSOR_DEFINITIONS = (
					"DEBUG=1",
					"$(inherited)",
				);
				INFOPLIST_FILE = sampleCoreMotionTests/Info.plist;
				LD_RUNPATH_SEARCH_PATHS = "$(inherited) @executable_path/Frameworks @loader_path/Frameworks";
				PRODUCT_NAME = "$(TARGET_NAME)";
				TEST_HOST = "$(BUILT_PRODUCTS_DIR)/sampleCoreMotion.app/sampleCoreMotion";
			};
			name = Debug;
		};
		0E70100819E7A67400E6CA77 /* Release */ = {
			isa = XCBuildConfiguration;
			buildSettings = {
				BUNDLE_LOADER = "$(TEST_HOST)";
				FRAMEWORK_SEARCH_PATHS = (
					"$(SDKROOT)/Developer/Library/Frameworks",
					"$(inherited)",
				);
				INFOPLIST_FILE = sampleCoreMotionTests/Info.plist;
				LD_RUNPATH_SEARCH_PATHS = "$(inherited) @executable_path/Frameworks @loader_path/Frameworks";
				PRODUCT_NAME = "$(TARGET_NAME)";
				TEST_HOST = "$(BUILT_PRODUCTS_DIR)/sampleCoreMotion.app/sampleCoreMotion";
			};
			name = Release;
		};
/* End XCBuildConfiguration section */

/* Begin XCConfigurationList section */
		0E700FDF19E7A67400E6CA77 /* Build configuration list for PBXProject "sampleCoreMotion" */ = {
			isa = XCConfigurationList;
			buildConfigurations = (
				0E70100119E7A67400E6CA77 /* Debug */,
				0E70100219E7A67400E6CA77 /* Release */,
			);
			defaultConfigurationIsVisible = 0;
			defaultConfigurationName = Release;
		};
		0E70100319E7A67400E6CA77 /* Build configuration list for PBXNativeTarget "sampleCoreMotion" */ = {
			isa = XCConfigurationList;
			buildConfigurations = (
				0E70100419E7A67400E6CA77 /* Debug */,
				0E70100519E7A67400E6CA77 /* Release */,
			);
			defaultConfigurationIsVisible = 0;
		};
		0E70100619E7A67400E6CA77 /* Build configuration list for PBXNativeTarget "sampleCoreMotionTests" */ = {
			isa = XCConfigurationList;
			buildConfigurations = (
				0E70100719E7A67400E6CA77 /* Debug */,
				0E70100819E7A67400E6CA77 /* Release */,
			);
			defaultConfigurationIsVisible = 0;
		};
/* End XCConfigurationList section */
	};
	rootObject = 0E700FDC19E7A67400E6CA77 /* Project object */;
}
